
Microsoft Visual Studio Solution File, Format Version 12.00
# Visual Studio Version 16
VisualStudioVersion = 16.0.30104.148
MinimumVisualStudioVersion = 10.0.40219.1
Project("{FAE04EC0-301F-11D3-BF4B-00C04F79EFBC}") = "PromotionEngineService", "PromotionEngineService.csproj", "{81151AAD-7C8D-41F5-9D8B-75455A2C95DF}"
EndProject
Global
	GlobalSection(SolutionConfigurationPlatforms) = preSolution
		Debug|Any CPU = Debug|Any CPU
		Release|Any CPU = Release|Any CPU
	EndGlobalSection
	GlobalSection(ProjectConfigurationPlatforms) = postSolution
		{81151AAD-7C8D-41F5-9D8B-75455A2C95DF}.Debug|Any CPU.ActiveCfg = Debug|Any CPU
		{81151AAD-7C8D-41F5-9D8B-75455A2C95DF}.Debug|Any CPU.Build.0 = Debug|Any CPU
		{81151AAD-7C8D-41F5-9D8B-75455A2C95DF}.Release|Any CPU.ActiveCfg = Release|Any CPU
		{81151AAD-7C8D-41F5-9D8B-75455A2C95DF}.Release|Any CPU.Build.0 = Release|Any CPU
	EndGlobalSection
	GlobalSection(SolutionProperties) = preSolution
		HideSolutionNode = FALSE
	EndGlobalSection
	GlobalSection(ExtensibilityGlobals) = postSolution
		SolutionGuid = {7B3C5FB2-15AF-4838-B0F3-4F6DA85019EE}
	EndGlobalSection
EndGlobal
